
Microsoft Visual Studio Solution File, Format Version 12.00
# Visual Studio Version 16
VisualStudioVersion = 16.0.31112.23
MinimumVisualStudioVersion = 10.0.40219.1
Project("{FAE04EC0-301F-11D3-BF4B-00C04F79EFBC}") = "MySimpleAnimeList", "MySimpleAnimeList.csproj", "{2D280F87-521E-4998-A729-D8BD087921C0}"
EndProject
Global
	GlobalSection(SolutionConfigurationPlatforms) = preSolution
		Debug|Any CPU = Debug|Any CPU
		Release|Any CPU = Release|Any CPU
	EndGlobalSection
	GlobalSection(ProjectConfigurationPlatforms) = postSolution
		{2D280F87-521E-4998-A729-D8BD087921C0}.Debug|Any CPU.ActiveCfg = Debug|Any CPU
		{2D280F87-521E-4998-A729-D8BD087921C0}.Debug|Any CPU.Build.0 = Debug|Any CPU
		{2D280F87-521E-4998-A729-D8BD087921C0}.Release|Any CPU.ActiveCfg = Release|Any CPU
		{2D280F87-521E-4998-A729-D8BD087921C0}.Release|Any CPU.Build.0 = Release|Any CPU
	EndGlobalSection
	GlobalSection(SolutionProperties) = preSolution
		HideSolutionNode = FALSE
	EndGlobalSection
	GlobalSection(ExtensibilityGlobals) = postSolution
		SolutionGuid = {30E029F0-2EC0-4C8E-B98B-6CD0EA8CA935}
	EndGlobalSection
EndGlobal
